# @generated - this file is auto-generated by `mise lock` https://mise.jdx.dev/dev-tools/mise-lock.html

lockfile_version = 1

[[tools.java]]
version = "openjdk-25.0.2"
backend = "core:java"
specifiers = ["openjdk-25"]

[tools.java."platforms.linux-arm64"]
checksum = "sha256:671208d205e70c9805da45a483f670d49dd64654990a7b7223ccffb2abb070dd"
url = "https://download.java.net/java/GA/jdk25.0.2/b1e0dfa218384cb9959bdcb897162d4e/10/GPL/openjdk-25.0.2_linux-aarch64_bin.tar.gz"

[tools.java."platforms.linux-x64"]
checksum = "sha256:555ce0821e4fe175ea50d54518cd6fbece9663c1998de529bc6ce429534457df"
url = "https://download.java.net/java/GA/jdk25.0.2/b1e0dfa218384cb9959bdcb897162d4e/10/GPL/openjdk-25.0.2_linux-x64_bin.tar.gz"

[tools.java."platforms.macos-arm64"]
checksum = "sha256:7581b0d1752cd5acbf39e286c03f07b6cd6c205b562eb2fe753ff0253cf4c1bf"
url = "https://download.java.net/java/GA/jdk25.0.2/b1e0dfa218384cb9959bdcb897162d4e/10/GPL/openjdk-25.0.2_macos-aarch64_bin.tar.gz"

[tools.java."platforms.macos-x64"]
checksum = "sha256:4ec2f4bc47b057fdf9cda07af27fae8f3605e90fa963d4240d63baeb46ede460"
url = "https://download.java.net/java/GA/jdk25.0.2/b1e0dfa218384cb9959bdcb897162d4e/10/GPL/openjdk-25.0.2_macos-x64_bin.tar.gz"

[tools.java."platforms.windows-x64"]
checksum = "sha256:74784a0c07258f32d36e9224dd79187c566d831c30d47dc06888d4212087331d"
url = "https://download.java.net/java/GA/jdk25.0.2/b1e0dfa218384cb9959bdcb897162d4e/10/GPL/openjdk-25.0.2_windows-x64_bin.zip"

[[tools.maven]]
version = "3.9.16"
backend = "aqua:apache/maven"
specifiers = ["3.9"]

[tools.maven."platforms.linux-arm64"]
checksum = "sha512:831a8591fe20c8243b1dbe7d71e3244f31d1665b0804b2e825e38cbbe5ce0cafb8338851f90780735568773e0a6cd07bbec107cda0b896b008b861075358b6f6"
url = "https://archive.apache.org/dist/maven/maven-3/3.9.16/binaries/apache-maven-3.9.16-bin.tar.gz"

[tools.maven."platforms.linux-arm64-musl"]
checksum = "sha512:831a8591fe20c8243b1dbe7d71e3244f31d1665b0804b2e825e38cbbe5ce0cafb8338851f90780735568773e0a6cd07bbec107cda0b896b008b861075358b6f6"
url = "https://archive.apache.org/dist/maven/maven-3/3.9.16/binaries/apache-maven-3.9.16-bin.tar.gz"

[tools.maven."platforms.linux-x64"]
checksum = "sha512:831a8591fe20c8243b1dbe7d71e3244f31d1665b0804b2e825e38cbbe5ce0cafb8338851f90780735568773e0a6cd07bbec107cda0b896b008b861075358b6f6"
url = "https://archive.apache.org/dist/maven/maven-3/3.9.16/binaries/apache-maven-3.9.16-bin.tar.gz"

[tools.maven."platforms.linux-x64-musl"]
checksum = "sha512:831a8591fe20c8243b1dbe7d71e3244f31d1665b0804b2e825e38cbbe5ce0cafb8338851f90780735568773e0a6cd07bbec107cda0b896b008b861075358b6f6"
url = "https://archive.apache.org/dist/maven/maven-3/3.9.16/binaries/apache-maven-3.9.16-bin.tar.gz"

[tools.maven."platforms.macos-arm64"]
checksum = "sha512:831a8591fe20c8243b1dbe7d71e3244f31d1665b0804b2e825e38cbbe5ce0cafb8338851f90780735568773e0a6cd07bbec107cda0b896b008b861075358b6f6"
url = "https://archive.apache.org/dist/maven/maven-3/3.9.16/binaries/apache-maven-3.9.16-bin.tar.gz"

[tools.maven."platforms.macos-x64"]
checksum = "sha512:831a8591fe20c8243b1dbe7d71e3244f31d1665b0804b2e825e38cbbe5ce0cafb8338851f90780735568773e0a6cd07bbec107cda0b896b008b861075358b6f6"
url = "https://archive.apache.org/dist/maven/maven-3/3.9.16/binaries/apache-maven-3.9.16-bin.tar.gz"

[tools.maven."platforms.windows-x64"]
checksum = "sha512:831a8591fe20c8243b1dbe7d71e3244f31d1665b0804b2e825e38cbbe5ce0cafb8338851f90780735568773e0a6cd07bbec107cda0b896b008b861075358b6f6"
url = "https://archive.apache.org/dist/maven/maven-3/3.9.16/binaries/apache-maven-3.9.16-bin.tar.gz"

[[tools.node]]
version = "26.8.2"
backend = "core:node"
specifiers = ["26"]

[tools.node."platforms.linux-arm64"]
checksum = "sha256:746cdbf21565b4ea06f77642bb0e85466de8bb722242be2c5e006f272c361c63"
url = "https://nodejs.org/dist/v26.8.2/node-v26.8.2-linux-arm64.tar.gz"

[tools.node."platforms.linux-arm64-musl"]
checksum = "sha256:125437a0b59d69592b8f4bb813a47245337afac8c973d15ab7720f0ec55d182d"
url = "https://unofficial-builds.nodejs.org/download/release/v26.8.2/node-v26.8.2-linux-arm64-musl.tar.gz"

[tools.node."platforms.linux-x64"]
checksum = "sha256:badb3fe6a61b85e1352ca6564dc56b8b7bd5ecd5c474c52acc21dd0cdd586f35"
url = "https://nodejs.org/dist/v26.8.2/node-v26.8.2-linux-x64.tar.gz"

[tools.node."platforms.linux-x64-musl"]
checksum = "sha256:696eb0180248a06c9893f3f07bcc4e2680891c83118c73aaf1de330efd053910"
url = "https://unofficial-builds.nodejs.org/download/release/v26.8.2/node-v26.8.2-linux-x64-musl.tar.gz"

[tools.node."platforms.macos-arm64"]
checksum = "sha256:974b6d5fb2fc7c33ff2354db0902b4e91c2de01ec8acc6de48e543c97e18c9e1"
url = "https://nodejs.org/dist/v26.8.2/node-v26.8.2-darwin-arm64.tar.gz"

[tools.node."platforms.macos-x64"]
checksum = "sha256:adb8feb2d4987df3d72d2ec46f4fc4b58039c859b8c3f0e3cc2d3c6cbaf8629c"
url = "https://nodejs.org/dist/v26.8.2/node-v26.8.2-darwin-x64.tar.gz"

[tools.node."platforms.windows-x64"]
checksum = "sha256:cf02f5d0c06c794b84f277177d5cf3743d0924ca49f6641cd435dd7cb6ee9085"
url = "https://nodejs.org/dist/v26.8.2/node-v26.8.2-win-x64.zip"

[[tools.pnpm]]
version = "12.4.1"
backend = "aqua:pnpm/pnpm"
specifiers = ["12"]

[tools.pnpm."platforms.linux-arm64"]
checksum = "sha256:14f7a3e67d658d4ca8002c2aa0567f27dc5fe056a9f29f98ba7d2bfd6c81591b"
url = "https://github.com/pnpm/pnpm/releases/download/v12.4.1/pnpm-linux-arm64.tar.gz"
url_api = "https://api.github.com/repos/pnpm/pnpm/releases/assets/555427209"
provenance = "github-attestations"

[tools.pnpm."platforms.linux-arm64-musl"]
checksum = "sha256:26eba6156b6b47d8c589e2ed76af9b3d3a001d9d87dd4769754a1d09f07505bb"
url = "https://github.com/pnpm/pnpm/releases/download/v12.4.1/pnpm-linux-arm64-musl.tar.gz"
url_api = "https://api.github.com/repos/pnpm/pnpm/releases/assets/555427211"
provenance = "github-attestations"

[tools.pnpm."platforms.linux-x64"]
checksum = "sha256:66e9886299085dade56e203ae0e3586f35787f8801a68d33ec07ac17b0de2001"
url = "https://github.com/pnpm/pnpm/releases/download/v12.4.1/pnpm-linux-x64.tar.gz"
url_api = "https://api.github.com/repos/pnpm/pnpm/releases/assets/555427214"
provenance = "github-attestations"

[tools.pnpm."platforms.linux-x64-musl"]
checksum = "sha256:b72cfc2140e2f3380e26555a474f8e091a4431374face630a50b00e4db992ddb"
url = "https://github.com/pnpm/pnpm/releases/download/v12.4.1/pnpm-linux-x64-musl.tar.gz"
url_api = "https://api.github.com/repos/pnpm/pnpm/releases/assets/555427217"
provenance = "github-attestations"

[tools.pnpm."platforms.macos-arm64"]
checksum = "sha256:432fd151c10477630cf5c9f41209c2a7b75ac6dce7b2533a459519daf8954c52"
url = "https://github.com/pnpm/pnpm/releases/download/v12.4.1/pnpm-darwin-arm64.tar.gz"
url_api = "https://api.github.com/repos/pnpm/pnpm/releases/assets/555427216"
provenance = "github-attestations"

[tools.pnpm."platforms.macos-x64"]
checksum = "sha256:98921409db2f510ccc4eb521f9bfec51e3f1e809fd66717a062962f3b2a4cdea"
url = "https://github.com/pnpm/pnpm/releases/download/v12.4.1/pnpm-darwin-x64.tar.gz"
url_api = "https://api.github.com/repos/pnpm/pnpm/releases/assets/555427210"
provenance = "github-attestations"

[tools.pnpm."platforms.windows-x64"]
checksum = "sha256:356092adbd4f69670945ed24c7fca994ba4dd9fbaf23b028bb9708afd7bc676e"
url = "https://github.com/pnpm/pnpm/releases/download/v12.4.1/pnpm-win32-x64.zip"
url_api = "https://api.github.com/repos/pnpm/pnpm/releases/assets/555427213"
provenance = "github-attestations"
